
Microsoft Visual Studio Solution File, Format Version 12.00
# Visual Studio Version 16
VisualStudioVersion = 16.0.32802.440
MinimumVisualStudioVersion = 10.0.40219.1
Project("{9A19103F-16F7-4668-BE54-9A1E7A4F7556}") = "ProcAcqTT", "ProcAcqTT\ProcAcqTT.csproj", "{670940EE-6C71-4A97-9658-69309493F5D2}"
EndProject
Project("{9A19103F-16F7-4668-BE54-9A1E7A4F7556}") = "ThreadMut", "ThreadMut\ThreadMut.csproj", "{9F1B6FB3-0AD2-4413-BF0B-2CD94227F1C6}"
EndProject
Project("{9A19103F-16F7-4668-BE54-9A1E7A4F7556}") = "ThreadEvt", "ThreadEvt\ThreadEvt.csproj", "{240291F8-732E-479D-A2D7-39BEF936D7F6}"
EndProject
Project("{9A19103F-16F7-4668-BE54-9A1E7A4F7556}") = "Exercice1", "Exercice1\Exercice1.csproj", "{0770CF43-9A89-45EB-96C3-952BE579977F}"
EndProject
Project("{9A19103F-16F7-4668-BE54-9A1E7A4F7556}") = "Traitement1", "Traitement1\Traitement1.csproj", "{DDC15A34-3B17-48DF-945A-19D110687748}"
EndProject
Project("{FAE04EC0-301F-11D3-BF4B-00C04F79EFBC}") = "Controle1", "Controle1\Controle1.csproj", "{783D3F4E-0ED4-4E5B-91FB-0D48D5C9B5A3}"
EndProject
Global
	GlobalSection(SolutionConfigurationPlatforms) = preSolution
		Debug|Any CPU = Debug|Any CPU
		Release|Any CPU = Release|Any CPU
	EndGlobalSection
	GlobalSection(ProjectConfigurationPlatforms) = postSolution
		{670940EE-6C71-4A97-9658-69309493F5D2}.Debug|Any CPU.ActiveCfg = Debug|Any CPU
		{670940EE-6C71-4A97-9658-69309493F5D2}.Debug|Any CPU.Build.0 = Debug|Any CPU
		{670940EE-6C71-4A97-9658-69309493F5D2}.Release|Any CPU.ActiveCfg = Release|Any CPU
		{670940EE-6C71-4A97-9658-69309493F5D2}.Release|Any CPU.Build.0 = Release|Any CPU
		{9F1B6FB3-0AD2-4413-BF0B-2CD94227F1C6}.Debug|Any CPU.ActiveCfg = Debug|Any CPU
		{9F1B6FB3-0AD2-4413-BF0B-2CD94227F1C6}.Debug|Any CPU.Build.0 = Debug|Any CPU
		{9F1B6FB3-0AD2-4413-BF0B-2CD94227F1C6}.Release|Any CPU.ActiveCfg = Release|Any CPU
		{9F1B6FB3-0AD2-4413-BF0B-2CD94227F1C6}.Release|Any CPU.Build.0 = Release|Any CPU
		{240291F8-732E-479D-A2D7-39BEF936D7F6}.Debug|Any CPU.ActiveCfg = Debug|Any CPU
		{240291F8-732E-479D-A2D7-39BEF936D7F6}.Debug|Any CPU.Build.0 = Debug|Any CPU
		{240291F8-732E-479D-A2D7-39BEF936D7F6}.Release|Any CPU.ActiveCfg = Release|Any CPU
		{240291F8-732E-479D-A2D7-39BEF936D7F6}.Release|Any CPU.Build.0 = Release|Any CPU
		{0770CF43-9A89-45EB-96C3-952BE579977F}.Debug|Any CPU.ActiveCfg = Debug|Any CPU
		{0770CF43-9A89-45EB-96C3-952BE579977F}.Debug|Any CPU.Build.0 = Debug|Any CPU
		{0770CF43-9A89-45EB-96C3-952BE579977F}.Release|Any CPU.ActiveCfg = Release|Any CPU
		{0770CF43-9A89-45EB-96C3-952BE579977F}.Release|Any CPU.Build.0 = Release|Any CPU
		{DDC15A34-3B17-48DF-945A-19D110687748}.Debug|Any CPU.ActiveCfg = Debug|Any CPU
		{DDC15A34-3B17-48DF-945A-19D110687748}.Debug|Any CPU.Build.0 = Debug|Any CPU
		{DDC15A34-3B17-48DF-945A-19D110687748}.Release|Any CPU.ActiveCfg = Release|Any CPU
		{DDC15A34-3B17-48DF-945A-19D110687748}.Release|Any CPU.Build.0 = Release|Any CPU
		{783D3F4E-0ED4-4E5B-91FB-0D48D5C9B5A3}.Debug|Any CPU.ActiveCfg = Debug|Any CPU
		{783D3F4E-0ED4-4E5B-91FB-0D48D5C9B5A3}.Debug|Any CPU.Build.0 = Debug|Any CPU
		{783D3F4E-0ED4-4E5B-91FB-0D48D5C9B5A3}.Release|Any CPU.ActiveCfg = Release|Any CPU
		{783D3F4E-0ED4-4E5B-91FB-0D48D5C9B5A3}.Release|Any CPU.Build.0 = Release|Any CPU
	EndGlobalSection
	GlobalSection(SolutionProperties) = preSolution
		HideSolutionNode = FALSE
	EndGlobalSection
	GlobalSection(ExtensibilityGlobals) = postSolution
		SolutionGuid = {C1C1FF09-2B61-4519-BCC2-9F45D0DDCE06}
	EndGlobalSection
EndGlobal
